
Microsoft Visual Studio Solution File, Format Version 12.00
# Visual Studio 15
VisualStudioVersion = 15.0.28307.329
MinimumVisualStudioVersion = 10.0.40219.1
Project("{FAE04EC0-301F-11D3-BF4B-00C04F79EFBC}") = "XplicitCarsStore", "XplicitCarsStore\XplicitCarsStore.csproj", "{D5B4A9A9-23DE-4923-A247-7CB755B68468}"
EndProject
Project("{FAE04EC0-301F-11D3-BF4B-00C04F79EFBC}") = "XplicitCarsSalesApi", "XplicitCarsSalesApi\XplicitCarsSalesApi.csproj", "{EBD1F715-8116-41C2-90E8-FDF03BE47891}"
EndProject
Project("{E53339B2-1760-4266-BCC7-CA923CBCF16C}") = "docker-compose", "docker-compose.dcproj", "{9FC43B32-D6AB-47C0-8EFB-D54FF05B0254}"
EndProject
Global
	GlobalSection(SolutionConfigurationPlatforms) = preSolution
		Debug|Any CPU = Debug|Any CPU
		Release|Any CPU = Release|Any CPU
	EndGlobalSection
	GlobalSection(ProjectConfigurationPlatforms) = postSolution
		{D5B4A9A9-23DE-4923-A247-7CB755B68468}.Debug|Any CPU.ActiveCfg = Debug|Any CPU
		{D5B4A9A9-23DE-4923-A247-7CB755B68468}.Debug|Any CPU.Build.0 = Debug|Any CPU
		{D5B4A9A9-23DE-4923-A247-7CB755B68468}.Release|Any CPU.ActiveCfg = Release|Any CPU
		{D5B4A9A9-23DE-4923-A247-7CB755B68468}.Release|Any CPU.Build.0 = Release|Any CPU
		{EBD1F715-8116-41C2-90E8-FDF03BE47891}.Debug|Any CPU.ActiveCfg = Debug|Any CPU
		{EBD1F715-8116-41C2-90E8-FDF03BE47891}.Debug|Any CPU.Build.0 = Debug|Any CPU
		{EBD1F715-8116-41C2-90E8-FDF03BE47891}.Release|Any CPU.ActiveCfg = Release|Any CPU
		{EBD1F715-8116-41C2-90E8-FDF03BE47891}.Release|Any CPU.Build.0 = Release|Any CPU
		{9FC43B32-D6AB-47C0-8EFB-D54FF05B0254}.Debug|Any CPU.ActiveCfg = Debug|Any CPU
		{9FC43B32-D6AB-47C0-8EFB-D54FF05B0254}.Debug|Any CPU.Build.0 = Debug|Any CPU
		{9FC43B32-D6AB-47C0-8EFB-D54FF05B0254}.Release|Any CPU.ActiveCfg = Release|Any CPU
		{9FC43B32-D6AB-47C0-8EFB-D54FF05B0254}.Release|Any CPU.Build.0 = Release|Any CPU
	EndGlobalSection
	GlobalSection(SolutionProperties) = preSolution
		HideSolutionNode = FALSE
	EndGlobalSection
	GlobalSection(ExtensibilityGlobals) = postSolution
		SolutionGuid = {078BE868-9F5F-4D9E-9B7F-ED69BD9D5B81}
	EndGlobalSection
EndGlobal
